// !$*UTF8*$!
{
	archiveVersion = 1;
	classes = {
	};
	objectVersion = 56;
	objects = {

/* Begin PBXBuildFile section */
		A0172CA52B70B52D000DED9C /* CodeEditor in Frameworks */ = {isa = PBXBuildFile; productRef = A0172CA42B70B52D000DED9C /* CodeEditor */; };
		A04117892B720A65007A84B3 /* SettingsView.swift in Sources */ = {isa = PBXBuildFile; fileRef = A04117882B720A65007A84B3 /* SettingsView.swift */; };
		A041178C2B720B01007A84B3 /* GeneralSettingsView.swift in Sources */ = {isa = PBXBuildFile; fileRef = A041178B2B720B01007A84B3 /* GeneralSettingsView.swift */; };
		A041178E2B72E7AF007A84B3 /* WebViewController.swift in Sources */ = {isa = PBXBuildFile; fileRef = A041178D2B72E7AF007A84B3 /* WebViewController.swift */; };
		A04117902B72F4E9007A84B3 /* ResponseRawView.swift in Sources */ = {isa = PBXBuildFile; fileRef = A041178F2B72F4E9007A84B3 /* ResponseRawView.swift */; };
		A04117922B7408EB007A84B3 /* GeneralSettings.swift in Sources */ = {isa = PBXBuildFile; fileRef = A04117912B7408EB007A84B3 /* GeneralSettings.swift */; };
		A09082812B71828B00056AD2 /* HeaderEditor.swift in Sources */ = {isa = PBXBuildFile; fileRef = A09082802B71828B00056AD2 /* HeaderEditor.swift */; };
		A09082832B7182D600056AD2 /* HeaderEntry.swift in Sources */ = {isa = PBXBuildFile; fileRef = A09082822B7182D600056AD2 /* HeaderEntry.swift */; };
		A0F423F42B6ECBBF00E37194 /* ResponseData.swift in Sources */ = {isa = PBXBuildFile; fileRef = A0F423F32B6ECBBF00E37194 /* ResponseData.swift */; };
		A0F423F62B6ED5C700E37194 /* ResponseHeaders.swift in Sources */ = {isa = PBXBuildFile; fileRef = A0F423F52B6ED5C700E37194 /* ResponseHeaders.swift */; };
		A0F423F82B6F079300E37194 /* README.md in Resources */ = {isa = PBXBuildFile; fileRef = A0F423F72B6F079300E37194 /* README.md */; };
		A0F423FA2B6F07C600E37194 /* .gitignore in Resources */ = {isa = PBXBuildFile; fileRef = A0F423F92B6F07C600E37194 /* .gitignore */; };
		A0F4241C2B6F48CF00E37194 /* StatusCode.swift in Sources */ = {isa = PBXBuildFile; fileRef = A0F4241B2B6F48CF00E37194 /* StatusCode.swift */; };
		A0F8A1412B6E0CA300971754 /* API_ScoutApp.swift in Sources */ = {isa = PBXBuildFile; fileRef = A0F8A1402B6E0CA300971754 /* API_ScoutApp.swift */; };
		A0F8A1472B6E0CA400971754 /* Assets.xcassets in Resources */ = {isa = PBXBuildFile; fileRef = A0F8A1462B6E0CA400971754 /* Assets.xcassets */; };
		A0F8A14A2B6E0CA400971754 /* Preview Assets.xcassets in Resources */ = {isa = PBXBuildFile; fileRef = A0F8A1492B6E0CA400971754 /* Preview Assets.xcassets */; };
		A0F8A1AD2B6E0D5200971754 /* Globals.swift in Sources */ = {isa = PBXBuildFile; fileRef = A0F8A1A32B6E0D5200971754 /* Globals.swift */; };
		A0F8A1AE2B6E0D5200971754 /* BodyType.swift in Sources */ = {isa = PBXBuildFile; fileRef = A0F8A1A52B6E0D5200971754 /* BodyType.swift */; };
		A0F8A1AF2B6E0D5200971754 /* HTTPMethod.swift in Sources */ = {isa = PBXBuildFile; fileRef = A0F8A1A62B6E0D5200971754 /* HTTPMethod.swift */; };
		A0F8A1B02B6E0D5200971754 /* Request.swift in Sources */ = {isa = PBXBuildFile; fileRef = A0F8A1A72B6E0D5200971754 /* Request.swift */; };
		A0F8A1B22B6E0D5200971754 /* savedRequests.json in Resources */ = {isa = PBXBuildFile; fileRef = A0F8A1AA2B6E0D5200971754 /* savedRequests.json */; };
		A0F8A1B32B6E0D5200971754 /* RequestRunner.swift in Sources */ = {isa = PBXBuildFile; fileRef = A0F8A1AC2B6E0D5200971754 /* RequestRunner.swift */; };
		A0F8A1BF2B6E0D5C00971754 /* RequestList.swift in Sources */ = {isa = PBXBuildFile; fileRef = A0F8A1B52B6E0D5C00971754 /* RequestList.swift */; };
		A0F8A1C02B6E0D5C00971754 /* RequestRow.swift in Sources */ = {isa = PBXBuildFile; fileRef = A0F8A1B72B6E0D5C00971754 /* RequestRow.swift */; };
		A0F8A1C12B6E0D5C00971754 /* RequestDetailView.swift in Sources */ = {isa = PBXBuildFile; fileRef = A0F8A1B82B6E0D5C00971754 /* RequestDetailView.swift */; };
		A0F8A1C22B6E0D5C00971754 /* BodyEditorView.swift in Sources */ = {isa = PBXBuildFile; fileRef = A0F8A1B92B6E0D5C00971754 /* BodyEditorView.swift */; };
		A0F8A1C32B6E0D5C00971754 /* ResponseDetailView.swift in Sources */ = {isa = PBXBuildFile; fileRef = A0F8A1BA2B6E0D5C00971754 /* ResponseDetailView.swift */; };
		A0F8A1C42B6E0D5C00971754 /* ContentView.swift in Sources */ = {isa = PBXBuildFile; fileRef = A0F8A1BB2B6E0D5C00971754 /* ContentView.swift */; };
		A0F8A1C92B6E10AF00971754 /* ResponseRenderView.swift in Sources */ = {isa = PBXBuildFile; fileRef = A0F8A1C82B6E10AF00971754 /* ResponseRenderView.swift */; };
/* End PBXBuildFile section */

/* Begin PBXFileReference section */
		A04117882B720A65007A84B3 /* SettingsView.swift */ = {isa = PBXFileReference; lastKnownFileType = sourcecode.swift; path = SettingsView.swift; sourceTree = "<group>"; };
		A041178B2B720B01007A84B3 /* GeneralSettingsView.swift */ = {isa = PBXFileReference; lastKnownFileType = sourcecode.swift; path = GeneralSettingsView.swift; sourceTree = "<group>"; };
		A041178D2B72E7AF007A84B3 /* WebViewController.swift */ = {isa = PBXFileReference; lastKnownFileType = sourcecode.swift; path = WebViewController.swift; sourceTree = "<group>"; };
		A041178F2B72F4E9007A84B3 /* ResponseRawView.swift */ = {isa = PBXFileReference; lastKnownFileType = sourcecode.swift; path = ResponseRawView.swift; sourceTree = "<group>"; };
		A04117912B7408EB007A84B3 /* GeneralSettings.swift */ = {isa = PBXFileReference; lastKnownFileType = sourcecode.swift; path = GeneralSettings.swift; sourceTree = "<group>"; };
		A09082802B71828B00056AD2 /* HeaderEditor.swift */ = {isa = PBXFileReference; lastKnownFileType = sourcecode.swift; path = HeaderEditor.swift; sourceTree = "<group>"; };
		A09082822B7182D600056AD2 /* HeaderEntry.swift */ = {isa = PBXFileReference; lastKnownFileType = sourcecode.swift; path = HeaderEntry.swift; sourceTree = "<group>"; };
		A0F423F32B6ECBBF00E37194 /* ResponseData.swift */ = {isa = PBXFileReference; lastKnownFileType = sourcecode.swift; path = ResponseData.swift; sourceTree = "<group>"; };
		A0F423F52B6ED5C700E37194 /* ResponseHeaders.swift */ = {isa = PBXFileReference; lastKnownFileType = sourcecode.swift; path = ResponseHeaders.swift; sourceTree = "<group>"; };
		A0F423F72B6F079300E37194 /* README.md */ = {isa = PBXFileReference; fileEncoding = 4; lastKnownFileType = net.daringfireball.markdown; path = README.md; sourceTree = "<group>"; };
		A0F423F92B6F07C600E37194 /* .gitignore */ = {isa = PBXFileReference; fileEncoding = 4; lastKnownFileType = text; path = .gitignore; sourceTree = SOURCE_ROOT; };
		A0F4241B2B6F48CF00E37194 /* StatusCode.swift */ = {isa = PBXFileReference; lastKnownFileType = sourcecode.swift; path = StatusCode.swift; sourceTree = "<group>"; };
		A0F8A13D2B6E0CA300971754 /* API Scout.app */ = {isa = PBXFileReference; explicitFileType = wrapper.application; includeInIndex = 0; path = "API Scout.app"; sourceTree = BUILT_PRODUCTS_DIR; };
		A0F8A1402B6E0CA300971754 /* API_ScoutApp.swift */ = {isa = PBXFileReference; lastKnownFileType = sourcecode.swift; path = API_ScoutApp.swift; sourceTree = "<group>"; };
		A0F8A1462B6E0CA400971754 /* Assets.xcassets */ = {isa = PBXFileReference; lastKnownFileType = folder.assetcatalog; path = Assets.xcassets; sourceTree = "<group>"; };
		A0F8A1492B6E0CA400971754 /* Preview Assets.xcassets */ = {isa = PBXFileReference; lastKnownFileType = folder.assetcatalog; path = "Preview Assets.xcassets"; sourceTree = "<group>"; };
		A0F8A14B2B6E0CA400971754 /* API_Scout.entitlements */ = {isa = PBXFileReference; lastKnownFileType = text.plist.entitlements; path = API_Scout.entitlements; sourceTree = "<group>"; };
		A0F8A1A32B6E0D5200971754 /* Globals.swift */ = {isa = PBXFileReference; fileEncoding = 4; lastKnownFileType = sourcecode.swift; path = Globals.swift; sourceTree = "<group>"; };
		A0F8A1A52B6E0D5200971754 /* BodyType.swift */ = {isa = PBXFileReference; fileEncoding = 4; lastKnownFileType = sourcecode.swift; path = BodyType.swift; sourceTree = "<group>"; };
		A0F8A1A62B6E0D5200971754 /* HTTPMethod.swift */ = {isa = PBXFileReference; fileEncoding = 4; lastKnownFileType = sourcecode.swift; path = HTTPMethod.swift; sourceTree = "<group>"; };
		A0F8A1A72B6E0D5200971754 /* Request.swift */ = {isa = PBXFileReference; fileEncoding = 4; lastKnownFileType = sourcecode.swift; path = Request.swift; sourceTree = "<group>"; };
		A0F8A1AA2B6E0D5200971754 /* savedRequests.json */ = {isa = PBXFileReference; fileEncoding = 4; lastKnownFileType = text.json; path = savedRequests.json; sourceTree = "<group>"; };
		A0F8A1AC2B6E0D5200971754 /* RequestRunner.swift */ = {isa = PBXFileReference; fileEncoding = 4; lastKnownFileType = sourcecode.swift; path = RequestRunner.swift; sourceTree = "<group>"; };
		A0F8A1B52B6E0D5C00971754 /* RequestList.swift */ = {isa = PBXFileReference; fileEncoding = 4; lastKnownFileType = sourcecode.swift; path = RequestList.swift; sourceTree = "<group>"; };
		A0F8A1B72B6E0D5C00971754 /* RequestRow.swift */ = {isa = PBXFileReference; fileEncoding = 4; lastKnownFileType = sourcecode.swift; path = RequestRow.swift; sourceTree = "<group>"; };
		A0F8A1B82B6E0D5C00971754 /* RequestDetailView.swift */ = {isa = PBXFileReference; fileEncoding = 4; lastKnownFileType = sourcecode.swift; path = RequestDetailView.swift; sourceTree = "<group>"; };
		A0F8A1B92B6E0D5C00971754 /* BodyEditorView.swift */ = {isa = PBXFileReference; fileEncoding = 4; lastKnownFileType = sourcecode.swift; path = BodyEditorView.swift; sourceTree = "<group>"; };
		A0F8A1BA2B6E0D5C00971754 /* ResponseDetailView.swift */ = {isa = PBXFileReference; fileEncoding = 4; lastKnownFileType = sourcecode.swift; path = ResponseDetailView.swift; sourceTree = "<group>"; };
		A0F8A1BB2B6E0D5C00971754 /* ContentView.swift */ = {isa = PBXFileReference; fileEncoding = 4; lastKnownFileType = sourcecode.swift; path = ContentView.swift; sourceTree = "<group>"; };
		A0F8A1C82B6E10AF00971754 /* ResponseRenderView.swift */ = {isa = PBXFileReference; lastKnownFileType = sourcecode.swift; path = ResponseRenderView.swift; sourceTree = "<group>"; };
/* End PBXFileReference section */

/* Begin PBXFrameworksBuildPhase section */
		A0F8A13A2B6E0CA300971754 /* Frameworks */ = {
			isa = PBXFrameworksBuildPhase;
			buildActionMask = 2147483647;
			files = (
				A0172CA52B70B52D000DED9C /* CodeEditor in Frameworks */,
			);
			runOnlyForDeploymentPostprocessing = 0;
		};
/* End PBXFrameworksBuildPhase section */

/* Begin PBXGroup section */
		A00919532B74576500DBF2D9 /* Settings */ = {
			isa = PBXGroup;
			children = (
				A04117912B7408EB007A84B3 /* GeneralSettings.swift */,
			);
			path = Settings;
			sourceTree = "<group>";
		};
		A00919542B74579000DBF2D9 /* Response */ = {
			isa = PBXGroup;
			children = (
				A0F8A1A52B6E0D5200971754 /* BodyType.swift */,
				A0F423F32B6ECBBF00E37194 /* ResponseData.swift */,
			);
			path = Response;
			sourceTree = "<group>";
		};
		A041178A2B720AF2007A84B3 /* Settings */ = {
			isa = PBXGroup;
			children = (
				A041178B2B720B01007A84B3 /* GeneralSettingsView.swift */,
				A04117882B720A65007A84B3 /* SettingsView.swift */,
			);
			path = Settings;
			sourceTree = "<group>";
		};
		A0F8A1342B6E0CA300971754 = {
			isa = PBXGroup;
			children = (
				A0F423F92B6F07C600E37194 /* .gitignore */,
				A0F423F72B6F079300E37194 /* README.md */,
				A0F8A13F2B6E0CA300971754 /* API Scout */,
				A0F8A13E2B6E0CA300971754 /* Products */,
			);
			sourceTree = "<group>";
		};
		A0F8A13E2B6E0CA300971754 /* Products */ = {
			isa = PBXGroup;
			children = (
				A0F8A13D2B6E0CA300971754 /* API Scout.app */,
			);
			name = Products;
			sourceTree = "<group>";
		};
		A0F8A13F2B6E0CA300971754 /* API Scout */ = {
			isa = PBXGroup;
			children = (
				A0F8A14B2B6E0CA400971754 /* API_Scout.entitlements */,
				A0F8A1402B6E0CA300971754 /* API_ScoutApp.swift */,
				A0F8A1462B6E0CA400971754 /* Assets.xcassets */,
				A0F8A1A32B6E0D5200971754 /* Globals.swift */,
				A0F8A1A42B6E0D5200971754 /* Model */,
				A0F8A1482B6E0CA400971754 /* Preview Content */,
				A0F8A1A92B6E0D5200971754 /* Resources */,
				A0F8A1AB2B6E0D5200971754 /* Services */,
				A0F8A1B42B6E0D5C00971754 /* Views */,
			);
			path = "API Scout";
			sourceTree = "<group>";
		};
		A0F8A1482B6E0CA400971754 /* Preview Content */ = {
			isa = PBXGroup;
			children = (
				A0F8A1492B6E0CA400971754 /* Preview Assets.xcassets */,
			);
			path = "Preview Content";
			sourceTree = "<group>";
		};
		A0F8A1A42B6E0D5200971754 /* Model */ = {
			isa = PBXGroup;
			children = (
				A09082822B7182D600056AD2 /* HeaderEntry.swift */,
				A0F8A1A62B6E0D5200971754 /* HTTPMethod.swift */,
				A0F8A1A72B6E0D5200971754 /* Request.swift */,
				A00919542B74579000DBF2D9 /* Response */,
				A00919532B74576500DBF2D9 /* Settings */,
			);
			path = Model;
			sourceTree = "<group>";
		};
		A0F8A1A92B6E0D5200971754 /* Resources */ = {
			isa = PBXGroup;
			children = (
				A0F8A1AA2B6E0D5200971754 /* savedRequests.json */,
			);
			path = Resources;
			sourceTree = "<group>";
		};
		A0F8A1AB2B6E0D5200971754 /* Services */ = {
			isa = PBXGroup;
			children = (
				A0F8A1AC2B6E0D5200971754 /* RequestRunner.swift */,
			);
			path = Services;
			sourceTree = "<group>";
		};
		A0F8A1B42B6E0D5C00971754 /* Views */ = {
			isa = PBXGroup;
			children = (
				A0F8A1BB2B6E0D5C00971754 /* ContentView.swift */,
				A0F8A1BC2B6E0D5C00971754 /* Helpers */,
				A0F8A1B62B6E0D5C00971754 /* Requests */,
				A0F8A1C72B6E109700971754 /* Responses */,
				A041178A2B720AF2007A84B3 /* Settings */,
			);
			path = Views;
			sourceTree = "<group>";
		};
		A0F8A1B62B6E0D5C00971754 /* Requests */ = {
			isa = PBXGroup;
			children = (
				A0F8A1B92B6E0D5C00971754 /* BodyEditorView.swift */,
				A0F8A1B82B6E0D5C00971754 /* RequestDetailView.swift */,
				A0F8A1B52B6E0D5C00971754 /* RequestList.swift */,
				A0F8A1B72B6E0D5C00971754 /* RequestRow.swift */,
			);
			path = Requests;
			sourceTree = "<group>";
		};
		A0F8A1BC2B6E0D5C00971754 /* Helpers */ = {
			isa = PBXGroup;
			children = (
				A09082802B71828B00056AD2 /* HeaderEditor.swift */,
				A0F4241B2B6F48CF00E37194 /* StatusCode.swift */,
				A041178D2B72E7AF007A84B3 /* WebViewController.swift */,
			);
			path = Helpers;
			sourceTree = "<group>";
		};
		A0F8A1C72B6E109700971754 /* Responses */ = {
			isa = PBXGroup;
			children = (
				A0F8A1BA2B6E0D5C00971754 /* ResponseDetailView.swift */,
				A0F423F52B6ED5C700E37194 /* ResponseHeaders.swift */,
				A041178F2B72F4E9007A84B3 /* ResponseRawView.swift */,
				A0F8A1C82B6E10AF00971754 /* ResponseRenderView.swift */,
			);
			path = Responses;
			sourceTree = "<group>";
		};
/* End PBXGroup section */

/* Begin PBXNativeTarget section */
		A0F8A13C2B6E0CA300971754 /* API Scout */ = {
			isa = PBXNativeTarget;
			buildConfigurationList = A0F8A14E2B6E0CA400971754 /* Build configuration list for PBXNativeTarget "API Scout" */;
			buildPhases = (
				A0F8A1392B6E0CA300971754 /* Sources */,
				A0F8A13A2B6E0CA300971754 /* Frameworks */,
				A0F8A13B2B6E0CA300971754 /* Resources */,
			);
			buildRules = (
			);
			dependencies = (
			);
			name = "API Scout";
			packageProductDependencies = (
				A0172CA42B70B52D000DED9C /* CodeEditor */,
			);
			productName = "API Scout";
			productReference = A0F8A13D2B6E0CA300971754 /* API Scout.app */;
			productType = "com.apple.product-type.application";
		};
/* End PBXNativeTarget section */

/* Begin PBXProject section */
		A0F8A1352B6E0CA300971754 /* Project object */ = {
			isa = PBXProject;
			attributes = {
				BuildIndependentTargetsInParallel = 1;
				LastSwiftUpdateCheck = 1520;
				LastUpgradeCheck = 1520;
				TargetAttributes = {
					A0F8A13C2B6E0CA300971754 = {
						CreatedOnToolsVersion = 15.2;
					};
				};
			};
			buildConfigurationList = A0F8A1382B6E0CA300971754 /* Build configuration list for PBXProject "API Scout" */;
			compatibilityVersion = "Xcode 14.0";
			developmentRegion = en;
			hasScannedForEncodings = 0;
			knownRegions = (
				en,
				Base,
			);
			mainGroup = A0F8A1342B6E0CA300971754;
			packageReferences = (
				A0172CA32B70B52D000DED9C /* XCRemoteSwiftPackageReference "CodeEditor" */,
			);
			productRefGroup = A0F8A13E2B6E0CA300971754 /* Products */;
			projectDirPath = "";
			projectRoot = "";
			targets = (
				A0F8A13C2B6E0CA300971754 /* API Scout */,
			);
		};
/* End PBXProject section */

/* Begin PBXResourcesBuildPhase section */
		A0F8A13B2B6E0CA300971754 /* Resources */ = {
			isa = PBXResourcesBuildPhase;
			buildActionMask = 2147483647;
			files = (
				A0F423FA2B6F07C600E37194 /* .gitignore in Resources */,
				A0F8A1B22B6E0D5200971754 /* savedRequests.json in Resources */,
				A0F8A14A2B6E0CA400971754 /* Preview Assets.xcassets in Resources */,
				A0F423F82B6F079300E37194 /* README.md in Resources */,
				A0F8A1472B6E0CA400971754 /* Assets.xcassets in Resources */,
			);
			runOnlyForDeploymentPostprocessing = 0;
		};
/* End PBXResourcesBuildPhase section */

/* Begin PBXSourcesBuildPhase section */
		A0F8A1392B6E0CA300971754 /* Sources */ = {
			isa = PBXSourcesBuildPhase;
			buildActionMask = 2147483647;
			files = (
				A04117892B720A65007A84B3 /* SettingsView.swift in Sources */,
				A0F8A1C32B6E0D5C00971754 /* ResponseDetailView.swift in Sources */,
				A0F8A1C42B6E0D5C00971754 /* ContentView.swift in Sources */,
				A0F8A1B32B6E0D5200971754 /* RequestRunner.swift in Sources */,
				A0F423F42B6ECBBF00E37194 /* ResponseData.swift in Sources */,
				A0F8A1B02B6E0D5200971754 /* Request.swift in Sources */,
				A0F4241C2B6F48CF00E37194 /* StatusCode.swift in Sources */,
				A0F8A1AE2B6E0D5200971754 /* BodyType.swift in Sources */,
				A0F8A1AD2B6E0D5200971754 /* Globals.swift in Sources */,
				A04117922B7408EB007A84B3 /* GeneralSettings.swift in Sources */,
				A0F8A1AF2B6E0D5200971754 /* HTTPMethod.swift in Sources */,
				A0F8A1C02B6E0D5C00971754 /* RequestRow.swift in Sources */,
				A09082832B7182D600056AD2 /* HeaderEntry.swift in Sources */,
				A04117902B72F4E9007A84B3 /* ResponseRawView.swift in Sources */,
				A0F8A1C12B6E0D5C00971754 /* RequestDetailView.swift in Sources */,
				A041178E2B72E7AF007A84B3 /* WebViewController.swift in Sources */,
				A09082812B71828B00056AD2 /* HeaderEditor.swift in Sources */,
				A0F8A1412B6E0CA300971754 /* API_ScoutApp.swift in Sources */,
				A0F423F62B6ED5C700E37194 /* ResponseHeaders.swift in Sources */,
				A041178C2B720B01007A84B3 /* GeneralSettingsView.swift in Sources */,
				A0F8A1C92B6E10AF00971754 /* ResponseRenderView.swift in Sources */,
				A0F8A1BF2B6E0D5C00971754 /* RequestList.swift in Sources */,
				A0F8A1C22B6E0D5C00971754 /* BodyEditorView.swift in Sources */,
			);
			runOnlyForDeploymentPostprocessing = 0;
		};
/* End PBXSourcesBuildPhase section */

/* Begin XCBuildConfiguration section */
		A0F8A14C2B6E0CA400971754 /* Debug */ = {
			isa = XCBuildConfiguration;
			buildSettings = {
				ALWAYS_SEARCH_USER_PATHS = NO;
				ASSETCATALOG_COMPILER_GENERATE_SWIFT_ASSET_SYMBOL_EXTENSIONS = YES;
				CLANG_ANALYZER_NONNULL = YES;
				CLANG_ANALYZER_NUMBER_OBJECT_CONVERSION = YES_AGGRESSIVE;
				CLANG_CXX_LANGUAGE_STANDARD = "gnu++20";
				CLANG_ENABLE_MODULES = YES;
				CLANG_ENABLE_OBJC_ARC = YES;
				CLANG_ENABLE_OBJC_WEAK = YES;
				CLANG_WARN_BLOCK_CAPTURE_AUTORELEASING = YES;
				CLANG_WARN_BOOL_CONVERSION = YES;
				CLANG_WARN_COMMA = YES;
				CLANG_WARN_CONSTANT_CONVERSION = YES;
				CLANG_WARN_DEPRECATED_OBJC_IMPLEMENTATIONS = YES;
				CLANG_WARN_DIRECT_OBJC_ISA_USAGE = YES_ERROR;
				CLANG_WARN_DOCUMENTATION_COMMENTS = YES;
				CLANG_WARN_EMPTY_BODY = YES;
				CLANG_WARN_ENUM_CONVERSION = YES;
				CLANG_WARN_INFINITE_RECURSION = YES;
				CLANG_WARN_INT_CONVERSION = YES;
				CLANG_WARN_NON_LITERAL_NULL_CONVERSION = YES;
				CLANG_WARN_OBJC_IMPLICIT_RETAIN_SELF = YES;
				CLANG_WARN_OBJC_LITERAL_CONVERSION = YES;
				CLANG_WARN_OBJC_ROOT_CLASS = YES_ERROR;
				CLANG_WARN_QUOTED_INCLUDE_IN_FRAMEWORK_HEADER = YES;
				CLANG_WARN_RANGE_LOOP_ANALYSIS = YES;
				CLANG_WARN_STRICT_PROTOTYPES = YES;
				CLANG_WARN_SUSPICIOUS_MOVE = YES;
				CLANG_WARN_UNGUARDED_AVAILABILITY = YES_AGGRESSIVE;
				CLANG_WARN_UNREACHABLE_CODE = YES;
				CLANG_WARN__DUPLICATE_METHOD_MATCH = YES;
				COPY_PHASE_STRIP = NO;
				DEBUG_INFORMATION_FORMAT = dwarf;
				ENABLE_STRICT_OBJC_MSGSEND = YES;
				ENABLE_TESTABILITY = YES;
				ENABLE_USER_SCRIPT_SANDBOXING = YES;
				GCC_C_LANGUAGE_STANDARD = gnu17;
				GCC_DYNAMIC_NO_PIC = NO;
				GCC_NO_COMMON_BLOCKS = YES;
				GCC_OPTIMIZATION_LEVEL = 0;
				GCC_PREPROCESSOR_DEFINITIONS = (
					"DEBUG=1",
					"$(inherited)",
				);
				GCC_WARN_64_TO_32_BIT_CONVERSION = YES;
				GCC_WARN_ABOUT_RETURN_TYPE = YES_ERROR;
				GCC_WARN_UNDECLARED_SELECTOR = YES;
				GCC_WARN_UNINITIALIZED_AUTOS = YES_AGGRESSIVE;
				GCC_WARN_UNUSED_FUNCTION = YES;
				GCC_WARN_UNUSED_VARIABLE = YES;
				LOCALIZATION_PREFERS_STRING_CATALOGS = YES;
				MACOSX_DEPLOYMENT_TARGET = 14.1;
				MTL_ENABLE_DEBUG_INFO = INCLUDE_SOURCE;
				MTL_FAST_MATH = YES;
				ONLY_ACTIVE_ARCH = YES;
				SDKROOT = macosx;
				SWIFT_ACTIVE_COMPILATION_CONDITIONS = "DEBUG $(inherited)";
				SWIFT_OPTIMIZATION_LEVEL = "-Onone";
			};
			name = Debug;
		};
		A0F8A14D2B6E0CA400971754 /* Release */ = {
			isa = XCBuildConfiguration;
			buildSettings = {
				ALWAYS_SEARCH_USER_PATHS = NO;
				ASSETCATALOG_COMPILER_GENERATE_SWIFT_ASSET_SYMBOL_EXTENSIONS = YES;
				CLANG_ANALYZER_NONNULL = YES;
				CLANG_ANALYZER_NUMBER_OBJECT_CONVERSION = YES_AGGRESSIVE;
				CLANG_CXX_LANGUAGE_STANDARD = "gnu++20";
				CLANG_ENABLE_MODULES = YES;
				CLANG_ENABLE_OBJC_ARC = YES;
				CLANG_ENABLE_OBJC_WEAK = YES;
				CLANG_WARN_BLOCK_CAPTURE_AUTORELEASING = YES;
				CLANG_WARN_BOOL_CONVERSION = YES;
				CLANG_WARN_COMMA = YES;
				CLANG_WARN_CONSTANT_CONVERSION = YES;
				CLANG_WARN_DEPRECATED_OBJC_IMPLEMENTATIONS = YES;
				CLANG_WARN_DIRECT_OBJC_ISA_USAGE = YES_ERROR;
				CLANG_WARN_DOCUMENTATION_COMMENTS = YES;
				CLANG_WARN_EMPTY_BODY = YES;
				CLANG_WARN_ENUM_CONVERSION = YES;
				CLANG_WARN_INFINITE_RECURSION = YES;
				CLANG_WARN_INT_CONVERSION = YES;
				CLANG_WARN_NON_LITERAL_NULL_CONVERSION = YES;
				CLANG_WARN_OBJC_IMPLICIT_RETAIN_SELF = YES;
				CLANG_WARN_OBJC_LITERAL_CONVERSION = YES;
				CLANG_WARN_OBJC_ROOT_CLASS = YES_ERROR;
				CLANG_WARN_QUOTED_INCLUDE_IN_FRAMEWORK_HEADER = YES;
				CLANG_WARN_RANGE_LOOP_ANALYSIS = YES;
				CLANG_WARN_STRICT_PROTOTYPES = YES;
				CLANG_WARN_SUSPICIOUS_MOVE = YES;
				CLANG_WARN_UNGUARDED_AVAILABILITY = YES_AGGRESSIVE;
				CLANG_WARN_UNREACHABLE_CODE = YES;
				CLANG_WARN__DUPLICATE_METHOD_MATCH = YES;
				COPY_PHASE_STRIP = NO;
				DEBUG_INFORMATION_FORMAT = "dwarf-with-dsym";
				ENABLE_NS_ASSERTIONS = NO;
				ENABLE_STRICT_OBJC_MSGSEND = YES;
				ENABLE_USER_SCRIPT_SANDBOXING = YES;
				GCC_C_LANGUAGE_STANDARD = gnu17;
				GCC_NO_COMMON_BLOCKS = YES;
				GCC_WARN_64_TO_32_BIT_CONVERSION = YES;
				GCC_WARN_ABOUT_RETURN_TYPE = YES_ERROR;
				GCC_WARN_UNDECLARED_SELECTOR = YES;
				GCC_WARN_UNINITIALIZED_AUTOS = YES_AGGRESSIVE;
				GCC_WARN_UNUSED_FUNCTION = YES;
				GCC_WARN_UNUSED_VARIABLE = YES;
				LOCALIZATION_PREFERS_STRING_CATALOGS = YES;
				MACOSX_DEPLOYMENT_TARGET = 14.1;
				MTL_ENABLE_DEBUG_INFO = NO;
				MTL_FAST_MATH = YES;
				SDKROOT = macosx;
				SWIFT_COMPILATION_MODE = wholemodule;
			};
			name = Release;
		};
		A0F8A14F2B6E0CA400971754 /* Debug */ = {
			isa = XCBuildConfiguration;
			buildSettings = {
				ASSETCATALOG_COMPILER_APPICON_NAME = AppIcon;
				ASSETCATALOG_COMPILER_GLOBAL_ACCENT_COLOR_NAME = AccentColor;
				CODE_SIGN_ENTITLEMENTS = "API Scout/API_Scout.entitlements";
				CODE_SIGN_STYLE = Automatic;
				COMBINE_HIDPI_IMAGES = YES;
				CURRENT_PROJECT_VERSION = 1;
				DEVELOPMENT_ASSET_PATHS = "\"API Scout/Preview Content\"";
				DEVELOPMENT_TEAM = TQ648XZHWY;
				ENABLE_HARDENED_RUNTIME = YES;
				ENABLE_PREVIEWS = YES;
				GENERATE_INFOPLIST_FILE = YES;
				INFOPLIST_KEY_NSHumanReadableCopyright = "";
				LD_RUNPATH_SEARCH_PATHS = (
					"$(inherited)",
					"@executable_path/../Frameworks",
				);
				MACOSX_DEPLOYMENT_TARGET = 14.0;
				MARKETING_VERSION = 1.0;
				PRODUCT_BUNDLE_IDENTIFIER = "io.burnscommalucas.API-Scout";
				PRODUCT_NAME = "$(TARGET_NAME)";
				SWIFT_EMIT_LOC_STRINGS = YES;
				SWIFT_VERSION = 5.0;
			};
			name = Debug;
		};
		A0F8A1502B6E0CA400971754 /* Release */ = {
			isa = XCBuildConfiguration;
			buildSettings = {
				ASSETCATALOG_COMPILER_APPICON_NAME = AppIcon;
				ASSETCATALOG_COMPILER_GLOBAL_ACCENT_COLOR_NAME = AccentColor;
				CODE_SIGN_ENTITLEMENTS = "API Scout/API_Scout.entitlements";
				CODE_SIGN_STYLE = Automatic;
				COMBINE_HIDPI_IMAGES = YES;
				CURRENT_PROJECT_VERSION = 1;
				DEVELOPMENT_ASSET_PATHS = "\"API Scout/Preview Content\"";
				DEVELOPMENT_TEAM = TQ648XZHWY;
				ENABLE_HARDENED_RUNTIME = YES;
				ENABLE_PREVIEWS = YES;
				GENERATE_INFOPLIST_FILE = YES;
				INFOPLIST_KEY_NSHumanReadableCopyright = "";
				LD_RUNPATH_SEARCH_PATHS = (
					"$(inherited)",
					"@executable_path/../Frameworks",
				);
				MACOSX_DEPLOYMENT_TARGET = 14.0;
				MARKETING_VERSION = 1.0;
				PRODUCT_BUNDLE_IDENTIFIER = "io.burnscommalucas.API-Scout";
				PRODUCT_NAME = "$(TARGET_NAME)";
				SWIFT_EMIT_LOC_STRINGS = YES;
				SWIFT_VERSION = 5.0;
			};
			name = Release;
		};
/* End XCBuildConfiguration section */

/* Begin XCConfigurationList section */
		A0F8A1382B6E0CA300971754 /* Build configuration list for PBXProject "API Scout" */ = {
			isa = XCConfigurationList;
			buildConfigurations = (
				A0F8A14C2B6E0CA400971754 /* Debug */,
				A0F8A14D2B6E0CA400971754 /* Release */,
			);
			defaultConfigurationIsVisible = 0;
			defaultConfigurationName = Release;
		};
		A0F8A14E2B6E0CA400971754 /* Build configuration list for PBXNativeTarget "API Scout" */ = {
			isa = XCConfigurationList;
			buildConfigurations = (
				A0F8A14F2B6E0CA400971754 /* Debug */,
				A0F8A1502B6E0CA400971754 /* Release */,
			);
			defaultConfigurationIsVisible = 0;
			defaultConfigurationName = Release;
		};
/* End XCConfigurationList section */

/* Begin XCRemoteSwiftPackageReference section */
		A0172CA32B70B52D000DED9C /* XCRemoteSwiftPackageReference "CodeEditor" */ = {
			isa = XCRemoteSwiftPackageReference;
			repositoryURL = "https://github.com/ZeeZide/CodeEditor";
			requirement = {
				kind = upToNextMajorVersion;
				minimumVersion = 1.2.2;
			};
		};
/* End XCRemoteSwiftPackageReference section */

/* Begin XCSwiftPackageProductDependency section */
		A0172CA42B70B52D000DED9C /* CodeEditor */ = {
			isa = XCSwiftPackageProductDependency;
			package = A0172CA32B70B52D000DED9C /* XCRemoteSwiftPackageReference "CodeEditor" */;
			productName = CodeEditor;
		};
/* End XCSwiftPackageProductDependency section */
	};
	rootObject = A0F8A1352B6E0CA300971754 /* Project object */;
}
